
Microsoft Visual Studio Solution File, Format Version 12.00
# Visual Studio Version 17
VisualStudioVersion = 17.0.31903.59
MinimumVisualStudioVersion = 10.0.40219.1
Project("{2150E333-8FDC-42A3-9474-1A3956D46DE8}") = "services", "services", "{FE9F0B66-95F3-463A-BDE1-AC42B8C41C0A}"
EndProject
Project("{2150E333-8FDC-42A3-9474-1A3956D46DE8}") = "categories", "categories", "{625233DF-8B98-4E1A-B51C-00BFD5FD6C7D}"
EndProject
Project("{9A19103F-16F7-4668-BE54-9A1E7A4F7556}") = "personalblog.services.categories.api", "services\categories\personalblog.services.categories.api\personalblog.services.categories.api.csproj", "{4D647C8D-E446-4B29-9458-CDD89E1AE7C5}"
EndProject
Project("{9A19103F-16F7-4668-BE54-9A1E7A4F7556}") = "personalblog.services.categories.application", "services\categories\personalblog.services.categories.application\personalblog.services.categories.application.csproj", "{0853B3C2-C589-4297-8B5E-92AF691DBEDE}"
EndProject
Project("{9A19103F-16F7-4668-BE54-9A1E7A4F7556}") = "personalblog.services.categories.domain", "services\categories\personalblog.services.categories.domain\personalblog.services.categories.domain.csproj", "{576444CD-66A5-49EA-9730-7595D9788B71}"
EndProject
Project("{9A19103F-16F7-4668-BE54-9A1E7A4F7556}") = "personalblog.services.categories.infrastructure", "services\categories\personalblog.services.categories.infrastructure\personalblog.services.categories.infrastructure.csproj", "{B43F8FB9-211F-49A8-9209-D3780EFB175D}"
EndProject
Project("{2150E333-8FDC-42A3-9474-1A3956D46DE8}") = "buildingblocks", "buildingblocks", "{786BB36A-E0A8-4C09-81F6-31C842B7E3D6}"
EndProject
Project("{2150E333-8FDC-42A3-9474-1A3956D46DE8}") = "framework", "framework", "{90E4BB0A-AC09-4816-BA00-08896784BD08}"
EndProject
Project("{9A19103F-16F7-4668-BE54-9A1E7A4F7556}") = "personalblog.buildingblocks.framework.api", "buildingblocks\framework\personalblog.buildingblocks.framework.api\personalblog.buildingblocks.framework.api.csproj", "{B0759628-CF4D-4F53-B9B0-7C5304D21743}"
EndProject
Project("{9A19103F-16F7-4668-BE54-9A1E7A4F7556}") = "personalblog.buildingblocks.framework.application", "buildingblocks\framework\personalblog.buildingblocks.framework.application\personalblog.buildingblocks.framework.application.csproj", "{1BB7E2DA-45D7-4292-9EEC-ECAB5A940571}"
EndProject
Project("{9A19103F-16F7-4668-BE54-9A1E7A4F7556}") = "personalblog.buildingblocks.framework.domain", "buildingblocks\framework\personalblog.buildingblocks.framework.domain\personalblog.buildingblocks.framework.domain.csproj", "{BBE6B086-8172-42E2-945F-5E96F281C396}"
EndProject
Project("{9A19103F-16F7-4668-BE54-9A1E7A4F7556}") = "personalblog.buildingblocks.framework.infrastructure", "buildingblocks\framework\personalblog.buildingblocks.framework.infrastructure\personalblog.buildingblocks.framework.infrastructure.csproj", "{CB894DF9-19BE-4D35-876A-5C4BDDA938D0}"
EndProject
Project("{9A19103F-16F7-4668-BE54-9A1E7A4F7556}") = "personalblog.buildingblocks.framework.common", "buildingblocks\framework\personalblog.buildingblocks.framework.common\personalblog.buildingblocks.framework.common.csproj", "{CC969FA6-AAF3-44BA-911B-94E2EF708FB6}"
EndProject
Project("{2150E333-8FDC-42A3-9474-1A3956D46DE8}") = "config-server", "config-server", "{C8B876B2-EA66-420C-9FBC-DCB99AA1ABD8}"
EndProject
Project("{9A19103F-16F7-4668-BE54-9A1E7A4F7556}") = "personalblog.configserver.api", "config-server\personalblog.configserver.api\personalblog.configserver.api.csproj", "{63D36A59-5A54-46F2-8304-B823D090425A}"
EndProject
Project("{E53339B2-1760-4266-BCC7-CA923CBCF16C}") = "docker-compose", "docker-compose.dcproj", "{AFBBB466-9261-4E5E-A2A8-FBA424B15C00}"
EndProject
Project("{2150E333-8FDC-42A3-9474-1A3956D46DE8}") = "sso", "sso", "{9FAE0734-D00D-40D4-B959-D3C4C1B61016}"
EndProject
Project("{FAE04EC0-301F-11D3-BF4B-00C04F79EFBC}") = "personalblog.sso.application", "sso\personalblog.sso.application\personalblog.sso.application.csproj", "{0C7B38C4-7EA3-4C92-AC02-6E21BE46A0BE}"
EndProject
Project("{FAE04EC0-301F-11D3-BF4B-00C04F79EFBC}") = "personalblog.sso.domain", "sso\personalblog.sso.domain\personalblog.sso.domain.csproj", "{6E925B75-A249-4069-A89D-74FC6C00F2DD}"
EndProject
Project("{FAE04EC0-301F-11D3-BF4B-00C04F79EFBC}") = "personalblog.sso.infrastructure", "sso\personalblog.sso.infrastructure\personalblog.sso.infrastructure.csproj", "{D4989C0D-FA71-41A1-A41E-35063587188A}"
EndProject
Project("{FAE04EC0-301F-11D3-BF4B-00C04F79EFBC}") = "personalblog.sso.web", "sso\personalblog.sso.web\personalblog.sso.web.csproj", "{71264951-AB58-470F-85D9-387A319FEB7A}"
EndProject
Project("{2150E333-8FDC-42A3-9474-1A3956D46DE8}") = "logging", "logging", "{43D377C7-403E-4415-A01E-4AEE845D2DC9}"
EndProject
Project("{FAE04EC0-301F-11D3-BF4B-00C04F79EFBC}") = "personalblog.buildingblocks.logging", "buildingblocks\logging\personalblog.buildingblocks.logging\personalblog.buildingblocks.logging.csproj", "{21A2307D-9621-4715-B970-CF89810C09C9}"
EndProject
Global
	GlobalSection(SolutionConfigurationPlatforms) = preSolution
		Debug|Any CPU = Debug|Any CPU
		Release|Any CPU = Release|Any CPU
	EndGlobalSection
	GlobalSection(ProjectConfigurationPlatforms) = postSolution
		{4D647C8D-E446-4B29-9458-CDD89E1AE7C5}.Debug|Any CPU.ActiveCfg = Debug|Any CPU
		{4D647C8D-E446-4B29-9458-CDD89E1AE7C5}.Debug|Any CPU.Build.0 = Debug|Any CPU
		{4D647C8D-E446-4B29-9458-CDD89E1AE7C5}.Release|Any CPU.ActiveCfg = Release|Any CPU
		{4D647C8D-E446-4B29-9458-CDD89E1AE7C5}.Release|Any CPU.Build.0 = Release|Any CPU
		{0853B3C2-C589-4297-8B5E-92AF691DBEDE}.Debug|Any CPU.ActiveCfg = Debug|Any CPU
		{0853B3C2-C589-4297-8B5E-92AF691DBEDE}.Debug|Any CPU.Build.0 = Debug|Any CPU
		{0853B3C2-C589-4297-8B5E-92AF691DBEDE}.Release|Any CPU.ActiveCfg = Release|Any CPU
		{0853B3C2-C589-4297-8B5E-92AF691DBEDE}.Release|Any CPU.Build.0 = Release|Any CPU
		{576444CD-66A5-49EA-9730-7595D9788B71}.Debug|Any CPU.ActiveCfg = Debug|Any CPU
		{576444CD-66A5-49EA-9730-7595D9788B71}.Debug|Any CPU.Build.0 = Debug|Any CPU
		{576444CD-66A5-49EA-9730-7595D9788B71}.Release|Any CPU.ActiveCfg = Release|Any CPU
		{576444CD-66A5-49EA-9730-7595D9788B71}.Release|Any CPU.Build.0 = Release|Any CPU
		{B43F8FB9-211F-49A8-9209-D3780EFB175D}.Debug|Any CPU.ActiveCfg = Debug|Any CPU
		{B43F8FB9-211F-49A8-9209-D3780EFB175D}.Debug|Any CPU.Build.0 = Debug|Any CPU
		{B43F8FB9-211F-49A8-9209-D3780EFB175D}.Release|Any CPU.ActiveCfg = Release|Any CPU
		{B43F8FB9-211F-49A8-9209-D3780EFB175D}.Release|Any CPU.Build.0 = Release|Any CPU
		{B0759628-CF4D-4F53-B9B0-7C5304D21743}.Debug|Any CPU.ActiveCfg = Debug|Any CPU
		{B0759628-CF4D-4F53-B9B0-7C5304D21743}.Debug|Any CPU.Build.0 = Debug|Any CPU
		{B0759628-CF4D-4F53-B9B0-7C5304D21743}.Release|Any CPU.ActiveCfg = Release|Any CPU
		{B0759628-CF4D-4F53-B9B0-7C5304D21743}.Release|Any CPU.Build.0 = Release|Any CPU
		{1BB7E2DA-45D7-4292-9EEC-ECAB5A940571}.Debug|Any CPU.ActiveCfg = Debug|Any CPU
		{1BB7E2DA-45D7-4292-9EEC-ECAB5A940571}.Debug|Any CPU.Build.0 = Debug|Any CPU
		{1BB7E2DA-45D7-4292-9EEC-ECAB5A940571}.Release|Any CPU.ActiveCfg = Release|Any CPU
		{1BB7E2DA-45D7-4292-9EEC-ECAB5A940571}.Release|Any CPU.Build.0 = Release|Any CPU
		{BBE6B086-8172-42E2-945F-5E96F281C396}.Debug|Any CPU.ActiveCfg = Debug|Any CPU
		{BBE6B086-8172-42E2-945F-5E96F281C396}.Debug|Any CPU.Build.0 = Debug|Any CPU
		{BBE6B086-8172-42E2-945F-5E96F281C396}.Release|Any CPU.ActiveCfg = Release|Any CPU
		{BBE6B086-8172-42E2-945F-5E96F281C396}.Release|Any CPU.Build.0 = Release|Any CPU
		{CB894DF9-19BE-4D35-876A-5C4BDDA938D0}.Debug|Any CPU.ActiveCfg = Debug|Any CPU
		{CB894DF9-19BE-4D35-876A-5C4BDDA938D0}.Debug|Any CPU.Build.0 = Debug|Any CPU
		{CB894DF9-19BE-4D35-876A-5C4BDDA938D0}.Release|Any CPU.ActiveCfg = Release|Any CPU
		{CB894DF9-19BE-4D35-876A-5C4BDDA938D0}.Release|Any CPU.Build.0 = Release|Any CPU
		{CC969FA6-AAF3-44BA-911B-94E2EF708FB6}.Debug|Any CPU.ActiveCfg = Debug|Any CPU
		{CC969FA6-AAF3-44BA-911B-94E2EF708FB6}.Debug|Any CPU.Build.0 = Debug|Any CPU
		{CC969FA6-AAF3-44BA-911B-94E2EF708FB6}.Release|Any CPU.ActiveCfg = Release|Any CPU
		{CC969FA6-AAF3-44BA-911B-94E2EF708FB6}.Release|Any CPU.Build.0 = Release|Any CPU
		{63D36A59-5A54-46F2-8304-B823D090425A}.Debug|Any CPU.ActiveCfg = Debug|Any CPU
		{63D36A59-5A54-46F2-8304-B823D090425A}.Debug|Any CPU.Build.0 = Debug|Any CPU
		{63D36A59-5A54-46F2-8304-B823D090425A}.Release|Any CPU.ActiveCfg = Release|Any CPU
		{63D36A59-5A54-46F2-8304-B823D090425A}.Release|Any CPU.Build.0 = Release|Any CPU
		{AFBBB466-9261-4E5E-A2A8-FBA424B15C00}.Debug|Any CPU.ActiveCfg = Debug|Any CPU
		{AFBBB466-9261-4E5E-A2A8-FBA424B15C00}.Debug|Any CPU.Build.0 = Debug|Any CPU
		{AFBBB466-9261-4E5E-A2A8-FBA424B15C00}.Release|Any CPU.ActiveCfg = Release|Any CPU
		{AFBBB466-9261-4E5E-A2A8-FBA424B15C00}.Release|Any CPU.Build.0 = Release|Any CPU
		{0C7B38C4-7EA3-4C92-AC02-6E21BE46A0BE}.Debug|Any CPU.ActiveCfg = Debug|Any CPU
		{0C7B38C4-7EA3-4C92-AC02-6E21BE46A0BE}.Debug|Any CPU.Build.0 = Debug|Any CPU
		{0C7B38C4-7EA3-4C92-AC02-6E21BE46A0BE}.Release|Any CPU.ActiveCfg = Release|Any CPU
		{0C7B38C4-7EA3-4C92-AC02-6E21BE46A0BE}.Release|Any CPU.Build.0 = Release|Any CPU
		{6E925B75-A249-4069-A89D-74FC6C00F2DD}.Debug|Any CPU.ActiveCfg = Debug|Any CPU
		{6E925B75-A249-4069-A89D-74FC6C00F2DD}.Debug|Any CPU.Build.0 = Debug|Any CPU
		{6E925B75-A249-4069-A89D-74FC6C00F2DD}.Release|Any CPU.ActiveCfg = Release|Any CPU
		{6E925B75-A249-4069-A89D-74FC6C00F2DD}.Release|Any CPU.Build.0 = Release|Any CPU
		{D4989C0D-FA71-41A1-A41E-35063587188A}.Debug|Any CPU.ActiveCfg = Debug|Any CPU
		{D4989C0D-FA71-41A1-A41E-35063587188A}.Debug|Any CPU.Build.0 = Debug|Any CPU
		{D4989C0D-FA71-41A1-A41E-35063587188A}.Release|Any CPU.ActiveCfg = Release|Any CPU
		{D4989C0D-FA71-41A1-A41E-35063587188A}.Release|Any CPU.Build.0 = Release|Any CPU
		{71264951-AB58-470F-85D9-387A319FEB7A}.Debug|Any CPU.ActiveCfg = Debug|Any CPU
		{71264951-AB58-470F-85D9-387A319FEB7A}.Debug|Any CPU.Build.0 = Debug|Any CPU
		{71264951-AB58-470F-85D9-387A319FEB7A}.Release|Any CPU.ActiveCfg = Release|Any CPU
		{71264951-AB58-470F-85D9-387A319FEB7A}.Release|Any CPU.Build.0 = Release|Any CPU
		{21A2307D-9621-4715-B970-CF89810C09C9}.Debug|Any CPU.ActiveCfg = Debug|Any CPU
		{21A2307D-9621-4715-B970-CF89810C09C9}.Debug|Any CPU.Build.0 = Debug|Any CPU
		{21A2307D-9621-4715-B970-CF89810C09C9}.Release|Any CPU.ActiveCfg = Release|Any CPU
		{21A2307D-9621-4715-B970-CF89810C09C9}.Release|Any CPU.Build.0 = Release|Any CPU
	EndGlobalSection
	GlobalSection(SolutionProperties) = preSolution
		HideSolutionNode = FALSE
	EndGlobalSection
	GlobalSection(NestedProjects) = preSolution
		{625233DF-8B98-4E1A-B51C-00BFD5FD6C7D} = {FE9F0B66-95F3-463A-BDE1-AC42B8C41C0A}
		{4D647C8D-E446-4B29-9458-CDD89E1AE7C5} = {625233DF-8B98-4E1A-B51C-00BFD5FD6C7D}
		{0853B3C2-C589-4297-8B5E-92AF691DBEDE} = {625233DF-8B98-4E1A-B51C-00BFD5FD6C7D}
		{576444CD-66A5-49EA-9730-7595D9788B71} = {625233DF-8B98-4E1A-B51C-00BFD5FD6C7D}
		{B43F8FB9-211F-49A8-9209-D3780EFB175D} = {625233DF-8B98-4E1A-B51C-00BFD5FD6C7D}
		{90E4BB0A-AC09-4816-BA00-08896784BD08} = {786BB36A-E0A8-4C09-81F6-31C842B7E3D6}
		{B0759628-CF4D-4F53-B9B0-7C5304D21743} = {90E4BB0A-AC09-4816-BA00-08896784BD08}
		{1BB7E2DA-45D7-4292-9EEC-ECAB5A940571} = {90E4BB0A-AC09-4816-BA00-08896784BD08}
		{BBE6B086-8172-42E2-945F-5E96F281C396} = {90E4BB0A-AC09-4816-BA00-08896784BD08}
		{CB894DF9-19BE-4D35-876A-5C4BDDA938D0} = {90E4BB0A-AC09-4816-BA00-08896784BD08}
		{CC969FA6-AAF3-44BA-911B-94E2EF708FB6} = {90E4BB0A-AC09-4816-BA00-08896784BD08}
		{63D36A59-5A54-46F2-8304-B823D090425A} = {C8B876B2-EA66-420C-9FBC-DCB99AA1ABD8}
		{0C7B38C4-7EA3-4C92-AC02-6E21BE46A0BE} = {9FAE0734-D00D-40D4-B959-D3C4C1B61016}
		{6E925B75-A249-4069-A89D-74FC6C00F2DD} = {9FAE0734-D00D-40D4-B959-D3C4C1B61016}
		{D4989C0D-FA71-41A1-A41E-35063587188A} = {9FAE0734-D00D-40D4-B959-D3C4C1B61016}
		{71264951-AB58-470F-85D9-387A319FEB7A} = {9FAE0734-D00D-40D4-B959-D3C4C1B61016}
		{43D377C7-403E-4415-A01E-4AEE845D2DC9} = {786BB36A-E0A8-4C09-81F6-31C842B7E3D6}
		{21A2307D-9621-4715-B970-CF89810C09C9} = {43D377C7-403E-4415-A01E-4AEE845D2DC9}
	EndGlobalSection
	GlobalSection(ExtensibilityGlobals) = postSolution
		SolutionGuid = {63A34C08-CA05-4F6E-B4BE-1E9194346A6D}
	EndGlobalSection
EndGlobal
